// !$*UTF8*$!
{
	archiveVersion = 1;
	classes = {
	};
	objectVersion = 77;
	objects = {

/* Begin PBXBuildFile section */
		02C74CC22E89CE6E5D7D3203 /* Pods_Budgi_BudgiUITests.framework in Frameworks */ = {isa = PBXBuildFile; fileRef = E886D7FB961E64424E71D5C2 /* Pods_Budgi_BudgiUITests.framework */; };
		B09F4A6C2F2246E100411130 /* AppDelegate.swift in Sources */ = {isa = PBXBuildFile; fileRef = B09F4A642F2246E100411130 /* AppDelegate.swift */; };
		B09F4A6D2F2246E100411130 /* SceneDelegate.swift in Sources */ = {isa = PBXBuildFile; fileRef = B09F4A692F2246E100411130 /* SceneDelegate.swift */; };
		B09F4A6F2F2246E100411130 /* Assets.xcassets in Resources */ = {isa = PBXBuildFile; fileRef = B09F4A652F2246E100411130 /* Assets.xcassets */; };
		B09F4A712F2246E100411130 /* LaunchScreen.storyboard in Resources */ = {isa = PBXBuildFile; fileRef = B09F4A682F2246E100411130 /* LaunchScreen.storyboard */; };
		B09F4A742F2246E300411130 /* BudgiTests.swift in Sources */ = {isa = PBXBuildFile; fileRef = B09F4A722F2246E300411130 /* BudgiTests.swift */; };
		B09F4A782F2246E300411130 /* BudgiUITests.swift in Sources */ = {isa = PBXBuildFile; fileRef = B09F4A752F2246E300411130 /* BudgiUITests.swift */; };
		B09F4A792F2246E300411130 /* BudgiUITestsLaunchTests.swift in Sources */ = {isa = PBXBuildFile; fileRef = B09F4A762F2246E300411130 /* BudgiUITestsLaunchTests.swift */; };
		B09F4A822F2247CE00411130 /* UICollectionView+Extension.swift in Sources */ = {isa = PBXBuildFile; fileRef = B09F4A812F2247CE00411130 /* UICollectionView+Extension.swift */; };
		B09F4A832F2247CE00411130 /* +Sets.swift in Sources */ = {isa = PBXBuildFile; fileRef = B09F4A7F2F2247CE00411130 /* +Sets.swift */; };
		B09F4A842F2247CE00411130 /* Sets.swift in Sources */ = {isa = PBXBuildFile; fileRef = B09F4A802F2247CE00411130 /* Sets.swift */; };
		B09F4A9C2F2248AE00411130 /* SettingView.swift in Sources */ = {isa = PBXBuildFile; fileRef = B09F4A992F2248AE00411130 /* SettingView.swift */; };
		B09F4A9D2F2248AE00411130 /* AppRootRouter.swift in Sources */ = {isa = PBXBuildFile; fileRef = B09F4A882F2248AE00411130 /* AppRootRouter.swift */; };
		B09F4A9E2F2248AE00411130 /* WeekHeaderView.swift in Sources */ = {isa = PBXBuildFile; fileRef = B09F4A8D2F2248AE00411130 /* WeekHeaderView.swift */; };
		B09F4A9F2F2248AE00411130 /* AppRootInteractor.swift in Sources */ = {isa = PBXBuildFile; fileRef = B09F4A872F2248AE00411130 /* AppRootInteractor.swift */; };
		B09F4AA02F2248AE00411130 /* CalendarView.swift in Sources */ = {isa = PBXBuildFile; fileRef = B09F4A932F2248AE00411130 /* CalendarView.swift */; };
		B09F4AA12F2248AE00411130 /* CalendarDateGenerator.swift in Sources */ = {isa = PBXBuildFile; fileRef = B09F4A902F2248AE00411130 /* CalendarDateGenerator.swift */; };
		B09F4AA22F2248AE00411130 /* SettingViewController.swift in Sources */ = {isa = PBXBuildFile; fileRef = B09F4A9A2F2248AE00411130 /* SettingViewController.swift */; };
		B09F4AA32F2248AE00411130 /* CalendarRouter.swift in Sources */ = {isa = PBXBuildFile; fileRef = B09F4A922F2248AE00411130 /* CalendarRouter.swift */; };
		B09F4AA42F2248AE00411130 /* SettingInteractor.swift in Sources */ = {isa = PBXBuildFile; fileRef = B09F4A972F2248AE00411130 /* SettingInteractor.swift */; };
		B09F4AA52F2248AE00411130 /* AppComponent.swift in Sources */ = {isa = PBXBuildFile; fileRef = B09F4A852F2248AE00411130 /* AppComponent.swift */; };
		B09F4AA62F2248AE00411130 /* SettingRouter.swift in Sources */ = {isa = PBXBuildFile; fileRef = B09F4A982F2248AE00411130 /* SettingRouter.swift */; };
		B09F4AA72F2248AE00411130 /* CalendarBuilder.swift in Sources */ = {isa = PBXBuildFile; fileRef = B09F4A8F2F2248AE00411130 /* CalendarBuilder.swift */; };
		B09F4AA82F2248AE00411130 /* CalendarInteractor.swift in Sources */ = {isa = PBXBuildFile; fileRef = B09F4A912F2248AE00411130 /* CalendarInteractor.swift */; };
		B09F4AA92F2248AE00411130 /* DateCell.swift in Sources */ = {isa = PBXBuildFile; fileRef = B09F4A8B2F2248AE00411130 /* DateCell.swift */; };
		B09F4AAA2F2248AE00411130 /* MainTabBarController.swift in Sources */ = {isa = PBXBuildFile; fileRef = B09F4A892F2248AE00411130 /* MainTabBarController.swift */; };
		B09F4AAB2F2248AE00411130 /* SettingBuilder.swift in Sources */ = {isa = PBXBuildFile; fileRef = B09F4A962F2248AE00411130 /* SettingBuilder.swift */; };
		B09F4AAC2F2248AE00411130 /* AppRootBuilder.swift in Sources */ = {isa = PBXBuildFile; fileRef = B09F4A862F2248AE00411130 /* AppRootBuilder.swift */; };
		B09F4AAD2F2248AE00411130 /* CalendarViewController.swift in Sources */ = {isa = PBXBuildFile; fileRef = B09F4A942F2248AE00411130 /* CalendarViewController.swift */; };
		B27F93AE1831B57DEEC35980 /* Pods_BudgiTests.framework in Frameworks */ = {isa = PBXBuildFile; fileRef = 916183B809334A38AD587663 /* Pods_BudgiTests.framework */; };
		BAF17F489AFF7EE34F4E50CA /* Pods_Budgi.framework in Frameworks */ = {isa = PBXBuildFile; fileRef = 6BBA494F92B2ED2C0D3E9DBF /* Pods_Budgi.framework */; };
/* End PBXBuildFile section */

/* Begin PBXContainerItemProxy section */
		B09F4A472F22460200411130 /* PBXContainerItemProxy */ = {
			isa = PBXContainerItemProxy;
			containerPortal = B09F4A282F22460000411130 /* Project object */;
			proxyType = 1;
			remoteGlobalIDString = B09F4A2F2F22460000411130;
			remoteInfo = Budgi;
		};
		B09F4A512F22460200411130 /* PBXContainerItemProxy */ = {
			isa = PBXContainerItemProxy;
			containerPortal = B09F4A282F22460000411130 /* Project object */;
			proxyType = 1;
			remoteGlobalIDString = B09F4A2F2F22460000411130;
			remoteInfo = Budgi;
		};
/* End PBXContainerItemProxy section */

/* Begin PBXFileReference section */
		14E4EA3B105414C84F1A4A0C /* Pods-Budgi-BudgiUITests.release.xcconfig */ = {isa = PBXFileReference; includeInIndex = 1; lastKnownFileType = text.xcconfig; name = "Pods-Budgi-BudgiUITests.release.xcconfig"; path = "Target Support Files/Pods-Budgi-BudgiUITests/Pods-Budgi-BudgiUITests.release.xcconfig"; sourceTree = "<group>"; };
		564C58518BCEADFB1509CCE9 /* Pods-BudgiTests.debug.xcconfig */ = {isa = PBXFileReference; includeInIndex = 1; lastKnownFileType = text.xcconfig; name = "Pods-BudgiTests.debug.xcconfig"; path = "Target Support Files/Pods-BudgiTests/Pods-BudgiTests.debug.xcconfig"; sourceTree = "<group>"; };
		6BBA494F92B2ED2C0D3E9DBF /* Pods_Budgi.framework */ = {isa = PBXFileReference; explicitFileType = wrapper.framework; includeInIndex = 0; path = Pods_Budgi.framework; sourceTree = BUILT_PRODUCTS_DIR; };
		916183B809334A38AD587663 /* Pods_BudgiTests.framework */ = {isa = PBXFileReference; explicitFileType = wrapper.framework; includeInIndex = 0; path = Pods_BudgiTests.framework; sourceTree = BUILT_PRODUCTS_DIR; };
		AE9C3386714F3CC59672F6B9 /* Pods-Budgi-BudgiUITests.debug.xcconfig */ = {isa = PBXFileReference; includeInIndex = 1; lastKnownFileType = text.xcconfig; name = "Pods-Budgi-BudgiUITests.debug.xcconfig"; path = "Target Support Files/Pods-Budgi-BudgiUITests/Pods-Budgi-BudgiUITests.debug.xcconfig"; sourceTree = "<group>"; };
		B09F4A302F22460000411130 /* Budgi.app */ = {isa = PBXFileReference; explicitFileType = wrapper.application; includeInIndex = 0; path = Budgi.app; sourceTree = BUILT_PRODUCTS_DIR; };
		B09F4A462F22460200411130 /* BudgiTests.xctest */ = {isa = PBXFileReference; explicitFileType = wrapper.cfbundle; includeInIndex = 0; path = BudgiTests.xctest; sourceTree = BUILT_PRODUCTS_DIR; };
		B09F4A502F22460200411130 /* BudgiUITests.xctest */ = {isa = PBXFileReference; explicitFileType = wrapper.cfbundle; includeInIndex = 0; path = BudgiUITests.xctest; sourceTree = BUILT_PRODUCTS_DIR; };
		B09F4A642F2246E100411130 /* AppDelegate.swift */ = {isa = PBXFileReference; lastKnownFileType = sourcecode.swift; path = AppDelegate.swift; sourceTree = "<group>"; };
		B09F4A652F2246E100411130 /* Assets.xcassets */ = {isa = PBXFileReference; lastKnownFileType = folder.assetcatalog; path = Assets.xcassets; sourceTree = "<group>"; };
		B09F4A662F2246E100411130 /* Info.plist */ = {isa = PBXFileReference; lastKnownFileType = text.plist.xml; path = Info.plist; sourceTree = "<group>"; };
		B09F4A672F2246E100411130 /* Base */ = {isa = PBXFileReference; lastKnownFileType = file.storyboard; name = Base; path = Base.lproj/LaunchScreen.storyboard; sourceTree = "<group>"; };
		B09F4A692F2246E100411130 /* SceneDelegate.swift */ = {isa = PBXFileReference; lastKnownFileType = sourcecode.swift; path = SceneDelegate.swift; sourceTree = "<group>"; };
		B09F4A722F2246E300411130 /* BudgiTests.swift */ = {isa = PBXFileReference; lastKnownFileType = sourcecode.swift; path = BudgiTests.swift; sourceTree = "<group>"; };
		B09F4A752F2246E300411130 /* BudgiUITests.swift */ = {isa = PBXFileReference; lastKnownFileType = sourcecode.swift; path = BudgiUITests.swift; sourceTree = "<group>"; };
		B09F4A762F2246E300411130 /* BudgiUITestsLaunchTests.swift */ = {isa = PBXFileReference; lastKnownFileType = sourcecode.swift; path = BudgiUITestsLaunchTests.swift; sourceTree = "<group>"; };
		B09F4A7F2F2247CE00411130 /* +Sets.swift */ = {isa = PBXFileReference; lastKnownFileType = sourcecode.swift; path = "+Sets.swift"; sourceTree = "<group>"; };
		B09F4A802F2247CE00411130 /* Sets.swift */ = {isa = PBXFileReference; lastKnownFileType = sourcecode.swift; path = Sets.swift; sourceTree = "<group>"; };
		B09F4A812F2247CE00411130 /* UICollectionView+Extension.swift */ = {isa = PBXFileReference; lastKnownFileType = sourcecode.swift; path = "UICollectionView+Extension.swift"; sourceTree = "<group>"; };
		B09F4A852F2248AE00411130 /* AppComponent.swift */ = {isa = PBXFileReference; lastKnownFileType = sourcecode.swift; path = AppComponent.swift; sourceTree = "<group>"; };
		B09F4A862F2248AE00411130 /* AppRootBuilder.swift */ = {isa = PBXFileReference; lastKnownFileType = sourcecode.swift; path = AppRootBuilder.swift; sourceTree = "<group>"; };
		B09F4A872F2248AE00411130 /* AppRootInteractor.swift */ = {isa = PBXFileReference; lastKnownFileType = sourcecode.swift; path = AppRootInteractor.swift; sourceTree = "<group>"; };
		B09F4A882F2248AE00411130 /* AppRootRouter.swift */ = {isa = PBXFileReference; lastKnownFileType = sourcecode.swift; path = AppRootRouter.swift; sourceTree = "<group>"; };
		B09F4A892F2248AE00411130 /* MainTabBarController.swift */ = {isa = PBXFileReference; lastKnownFileType = sourcecode.swift; path = MainTabBarController.swift; sourceTree = "<group>"; };
		B09F4A8B2F2248AE00411130 /* DateCell.swift */ = {isa = PBXFileReference; lastKnownFileType = sourcecode.swift; path = DateCell.swift; sourceTree = "<group>"; };
		B09F4A8D2F2248AE00411130 /* WeekHeaderView.swift */ = {isa = PBXFileReference; lastKnownFileType = sourcecode.swift; path = WeekHeaderView.swift; sourceTree = "<group>"; };
		B09F4A8F2F2248AE00411130 /* CalendarBuilder.swift */ = {isa = PBXFileReference; lastKnownFileType = sourcecode.swift; path = CalendarBuilder.swift; sourceTree = "<group>"; };
		B09F4A902F2248AE00411130 /* CalendarDateGenerator.swift */ = {isa = PBXFileReference; lastKnownFileType = sourcecode.swift; path = CalendarDateGenerator.swift; sourceTree = "<group>"; };
		B09F4A912F2248AE00411130 /* CalendarInteractor.swift */ = {isa = PBXFileReference; lastKnownFileType = sourcecode.swift; path = CalendarInteractor.swift; sourceTree = "<group>"; };
		B09F4A922F2248AE00411130 /* CalendarRouter.swift */ = {isa = PBXFileReference; lastKnownFileType = sourcecode.swift; path = CalendarRouter.swift; sourceTree = "<group>"; };
		B09F4A932F2248AE00411130 /* CalendarView.swift */ = {isa = PBXFileReference; lastKnownFileType = sourcecode.swift; path = CalendarView.swift; sourceTree = "<group>"; };
		B09F4A942F2248AE00411130 /* CalendarViewController.swift */ = {isa = PBXFileReference; lastKnownFileType = sourcecode.swift; path = CalendarViewController.swift; sourceTree = "<group>"; };
		B09F4A962F2248AE00411130 /* SettingBuilder.swift */ = {isa = PBXFileReference; lastKnownFileType = sourcecode.swift; path = SettingBuilder.swift; sourceTree = "<group>"; };
		B09F4A972F2248AE00411130 /* SettingInteractor.swift */ = {isa = PBXFileReference; lastKnownFileType = sourcecode.swift; path = SettingInteractor.swift; sourceTree = "<group>"; };
		B09F4A982F2248AE00411130 /* SettingRouter.swift */ = {isa = PBXFileReference; lastKnownFileType = sourcecode.swift; path = SettingRouter.swift; sourceTree = "<group>"; };
		B09F4A992F2248AE00411130 /* SettingView.swift */ = {isa = PBXFileReference; lastKnownFileType = sourcecode.swift; path = SettingView.swift; sourceTree = "<group>"; };
		B09F4A9A2F2248AE00411130 /* SettingViewController.swift */ = {isa = PBXFileReference; lastKnownFileType = sourcecode.swift; path = SettingViewController.swift; sourceTree = "<group>"; };
		C6D5A0D70DECCFE55AD40447 /* Pods-BudgiTests.release.xcconfig */ = {isa = PBXFileReference; includeInIndex = 1; lastKnownFileType = text.xcconfig; name = "Pods-BudgiTests.release.xcconfig"; path = "Target Support Files/Pods-BudgiTests/Pods-BudgiTests.release.xcconfig"; sourceTree = "<group>"; };
		CD0F7B421C85116E8109C05A /* Pods-Budgi.release.xcconfig */ = {isa = PBXFileReference; includeInIndex = 1; lastKnownFileType = text.xcconfig; name = "Pods-Budgi.release.xcconfig"; path = "Target Support Files/Pods-Budgi/Pods-Budgi.release.xcconfig"; sourceTree = "<group>"; };
		E34C33FEE87FB8F56A01E73B /* Pods-Budgi.debug.xcconfig */ = {isa = PBXFileReference; includeInIndex = 1; lastKnownFileType = text.xcconfig; name = "Pods-Budgi.debug.xcconfig"; path = "Target Support Files/Pods-Budgi/Pods-Budgi.debug.xcconfig"; sourceTree = "<group>"; };
		E886D7FB961E64424E71D5C2 /* Pods_Budgi_BudgiUITests.framework */ = {isa = PBXFileReference; explicitFileType = wrapper.framework; includeInIndex = 0; path = Pods_Budgi_BudgiUITests.framework; sourceTree = BUILT_PRODUCTS_DIR; };
/* End PBXFileReference section */

/* Begin PBXFrameworksBuildPhase section */
		B09F4A2D2F22460000411130 /* Frameworks */ = {
			isa = PBXFrameworksBuildPhase;
			buildActionMask = 2147483647;
			files = (
				BAF17F489AFF7EE34F4E50CA /* Pods_Budgi.framework in Frameworks */,
			);
			runOnlyForDeploymentPostprocessing = 0;
		};
		B09F4A432F22460200411130 /* Frameworks */ = {
			isa = PBXFrameworksBuildPhase;
			buildActionMask = 2147483647;
			files = (
				B27F93AE1831B57DEEC35980 /* Pods_BudgiTests.framework in Frameworks */,
			);
			runOnlyForDeploymentPostprocessing = 0;
		};
		B09F4A4D2F22460200411130 /* Frameworks */ = {
			isa = PBXFrameworksBuildPhase;
			buildActionMask = 2147483647;
			files = (
				02C74CC22E89CE6E5D7D3203 /* Pods_Budgi_BudgiUITests.framework in Frameworks */,
			);
			runOnlyForDeploymentPostprocessing = 0;
		};
/* End PBXFrameworksBuildPhase section */

/* Begin PBXGroup section */
		2E253B770A7D14828ADCE36B /* Pods */ = {
			isa = PBXGroup;
			children = (
				E34C33FEE87FB8F56A01E73B /* Pods-Budgi.debug.xcconfig */,
				CD0F7B421C85116E8109C05A /* Pods-Budgi.release.xcconfig */,
				AE9C3386714F3CC59672F6B9 /* Pods-Budgi-BudgiUITests.debug.xcconfig */,
				14E4EA3B105414C84F1A4A0C /* Pods-Budgi-BudgiUITests.release.xcconfig */,
				564C58518BCEADFB1509CCE9 /* Pods-BudgiTests.debug.xcconfig */,
				C6D5A0D70DECCFE55AD40447 /* Pods-BudgiTests.release.xcconfig */,
			);
			path = Pods;
			sourceTree = "<group>";
		};
		707EFDCC713172A212835894 /* Frameworks */ = {
			isa = PBXGroup;
			children = (
				6BBA494F92B2ED2C0D3E9DBF /* Pods_Budgi.framework */,
				E886D7FB961E64424E71D5C2 /* Pods_Budgi_BudgiUITests.framework */,
				916183B809334A38AD587663 /* Pods_BudgiTests.framework */,
			);
			name = Frameworks;
			sourceTree = "<group>";
		};
		B09F4A272F22460000411130 = {
			isa = PBXGroup;
			children = (
				B09F4A6B2F2246E100411130 /* Budgi */,
				B09F4A732F2246E300411130 /* BudgiTests */,
				B09F4A772F2246E300411130 /* BudgiUITests */,
				B09F4A312F22460000411130 /* Products */,
				2E253B770A7D14828ADCE36B /* Pods */,
				707EFDCC713172A212835894 /* Frameworks */,
			);
			sourceTree = "<group>";
		};
		B09F4A312F22460000411130 /* Products */ = {
			isa = PBXGroup;
			children = (
				B09F4A302F22460000411130 /* Budgi.app */,
				B09F4A462F22460200411130 /* BudgiTests.xctest */,
				B09F4A502F22460200411130 /* BudgiUITests.xctest */,
			);
			name = Products;
			sourceTree = "<group>";
		};
		B09F4A6B2F2246E100411130 /* Budgi */ = {
			isa = PBXGroup;
			children = (
				B09F4A7A2F2246E700411130 /* Application */,
				B09F4A7B2F2246ED00411130 /* Pages */,
				B09F4A7E2F22478200411130 /* Utils */,
				B09F4A7D2F22473E00411130 /* Resources */,
				B09F4A7C2F22470500411130 /* SupportingFiles */,
			);
			path = Budgi;
			sourceTree = "<group>";
		};
		B09F4A732F2246E300411130 /* BudgiTests */ = {
			isa = PBXGroup;
			children = (
				B09F4A722F2246E300411130 /* BudgiTests.swift */,
			);
			path = BudgiTests;
			sourceTree = "<group>";
		};
		B09F4A772F2246E300411130 /* BudgiUITests */ = {
			isa = PBXGroup;
			children = (
				B09F4A752F2246E300411130 /* BudgiUITests.swift */,
				B09F4A762F2246E300411130 /* BudgiUITestsLaunchTests.swift */,
			);
			path = BudgiUITests;
			sourceTree = "<group>";
		};
		B09F4A7A2F2246E700411130 /* Application */ = {
			isa = PBXGroup;
			children = (
				B09F4A642F2246E100411130 /* AppDelegate.swift */,
				B09F4A692F2246E100411130 /* SceneDelegate.swift */,
				B09F4A682F2246E100411130 /* LaunchScreen.storyboard */,
			);
			path = Application;
			sourceTree = "<group>";
		};
		B09F4A7B2F2246ED00411130 /* Pages */ = {
			isa = PBXGroup;
			children = (
				B09F4A8A2F2248AE00411130 /* AppRoot */,
				B09F4A952F2248AE00411130 /* Calender */,
				B09F4A9B2F2248AE00411130 /* Setting */,
			);
			path = Pages;
			sourceTree = "<group>";
		};
		B09F4A7C2F22470500411130 /* SupportingFiles */ = {
			isa = PBXGroup;
			children = (
				B09F4A662F2246E100411130 /* Info.plist */,
			);
			path = SupportingFiles;
			sourceTree = "<group>";
		};
		B09F4A7D2F22473E00411130 /* Resources */ = {
			isa = PBXGroup;
			children = (
				B09F4A652F2246E100411130 /* Assets.xcassets */,
			);
			path = Resources;
			sourceTree = "<group>";
		};
		B09F4A7E2F22478200411130 /* Utils */ = {
			isa = PBXGroup;
			children = (
				B09F4A7F2F2247CE00411130 /* +Sets.swift */,
				B09F4A802F2247CE00411130 /* Sets.swift */,
				B09F4A812F2247CE00411130 /* UICollectionView+Extension.swift */,
			);
			path = Utils;
			sourceTree = "<group>";
		};
		B09F4A8A2F2248AE00411130 /* AppRoot */ = {
			isa = PBXGroup;
			children = (
				B09F4A852F2248AE00411130 /* AppComponent.swift */,
				B09F4A862F2248AE00411130 /* AppRootBuilder.swift */,
				B09F4A872F2248AE00411130 /* AppRootInteractor.swift */,
				B09F4A882F2248AE00411130 /* AppRootRouter.swift */,
				B09F4A892F2248AE00411130 /* MainTabBarController.swift */,
			);
			path = AppRoot;
			sourceTree = "<group>";
		};
		B09F4A8C2F2248AE00411130 /* Cell */ = {
			isa = PBXGroup;
			children = (
				B09F4A8B2F2248AE00411130 /* DateCell.swift */,
			);
			path = Cell;
			sourceTree = "<group>";
		};
		B09F4A8E2F2248AE00411130 /* Subviews */ = {
			isa = PBXGroup;
			children = (
				B09F4A8C2F2248AE00411130 /* Cell */,
				B09F4A8D2F2248AE00411130 /* WeekHeaderView.swift */,
			);
			path = Subviews;
			sourceTree = "<group>";
		};
		B09F4A952F2248AE00411130 /* Calender */ = {
			isa = PBXGroup;
			children = (
				B09F4A8E2F2248AE00411130 /* Subviews */,
				B09F4A902F2248AE00411130 /* CalendarDateGenerator.swift */,
				B09F4A8F2F2248AE00411130 /* CalendarBuilder.swift */,
				B09F4A912F2248AE00411130 /* CalendarInteractor.swift */,
				B09F4A922F2248AE00411130 /* CalendarRouter.swift */,
				B09F4A932F2248AE00411130 /* CalendarView.swift */,
				B09F4A942F2248AE00411130 /* CalendarViewController.swift */,
			);
			path = Calender;
			sourceTree = "<group>";
		};
		B09F4A9B2F2248AE00411130 /* Setting */ = {
			isa = PBXGroup;
			children = (
				B09F4A962F2248AE00411130 /* SettingBuilder.swift */,
				B09F4A972F2248AE00411130 /* SettingInteractor.swift */,
				B09F4A982F2248AE00411130 /* SettingRouter.swift */,
				B09F4A992F2248AE00411130 /* SettingView.swift */,
				B09F4A9A2F2248AE00411130 /* SettingViewController.swift */,
			);
			path = Setting;
			sourceTree = "<group>";
		};
/* End PBXGroup section */

/* Begin PBXNativeTarget section */
		B09F4A2F2F22460000411130 /* Budgi */ = {
			isa = PBXNativeTarget;
			buildConfigurationList = B09F4A592F22460200411130 /* Build configuration list for PBXNativeTarget "Budgi" */;
			buildPhases = (
				1297BD2CF9E5425DFAE216AE /* [CP] Check Pods Manifest.lock */,
				B09F4A2C2F22460000411130 /* Sources */,
				B09F4A2D2F22460000411130 /* Frameworks */,
				B09F4A2E2F22460000411130 /* Resources */,
				CFDDE5DC982C2250DB29D1A4 /* [CP] Embed Pods Frameworks */,
			);
			buildRules = (
			);
			dependencies = (
			);
			name = Budgi;
			productName = Budgi;
			productReference = B09F4A302F22460000411130 /* Budgi.app */;
			productType = "com.apple.product-type.application";
		};
		B09F4A452F22460200411130 /* BudgiTests */ = {
			isa = PBXNativeTarget;
			buildConfigurationList = B09F4A5E2F22460200411130 /* Build configuration list for PBXNativeTarget "BudgiTests" */;
			buildPhases = (
				581ABB78C9A795CE84F9DFFC /* [CP] Check Pods Manifest.lock */,
				B09F4A422F22460200411130 /* Sources */,
				B09F4A432F22460200411130 /* Frameworks */,
				B09F4A442F22460200411130 /* Resources */,
			);
			buildRules = (
			);
			dependencies = (
				B09F4A482F22460200411130 /* PBXTargetDependency */,
			);
			name = BudgiTests;
			productName = BudgiTests;
			productReference = B09F4A462F22460200411130 /* BudgiTests.xctest */;
			productType = "com.apple.product-type.bundle.unit-test";
		};
		B09F4A4F2F22460200411130 /* BudgiUITests */ = {
			isa = PBXNativeTarget;
			buildConfigurationList = B09F4A612F22460200411130 /* Build configuration list for PBXNativeTarget "BudgiUITests" */;
			buildPhases = (
				277F0E35440902618E634024 /* [CP] Check Pods Manifest.lock */,
				B09F4A4C2F22460200411130 /* Sources */,
				B09F4A4D2F22460200411130 /* Frameworks */,
				B09F4A4E2F22460200411130 /* Resources */,
				57770B0132D49D6D40C2670A /* [CP] Embed Pods Frameworks */,
			);
			buildRules = (
			);
			dependencies = (
				B09F4A522F22460200411130 /* PBXTargetDependency */,
			);
			name = BudgiUITests;
			productName = BudgiUITests;
			productReference = B09F4A502F22460200411130 /* BudgiUITests.xctest */;
			productType = "com.apple.product-type.bundle.ui-testing";
		};
/* End PBXNativeTarget section */

/* Begin PBXProject section */
		B09F4A282F22460000411130 /* Project object */ = {
			isa = PBXProject;
			attributes = {
				BuildIndependentTargetsInParallel = 1;
				LastSwiftUpdateCheck = 1610;
				LastUpgradeCheck = 1610;
				TargetAttributes = {
					B09F4A2F2F22460000411130 = {
						CreatedOnToolsVersion = 16.1;
					};
					B09F4A452F22460200411130 = {
						CreatedOnToolsVersion = 16.1;
						TestTargetID = B09F4A2F2F22460000411130;
					};
					B09F4A4F2F22460200411130 = {
						CreatedOnToolsVersion = 16.1;
						TestTargetID = B09F4A2F2F22460000411130;
					};
				};
			};
			buildConfigurationList = B09F4A2B2F22460000411130 /* Build configuration list for PBXProject "Budgi" */;
			developmentRegion = en;
			hasScannedForEncodings = 0;
			knownRegions = (
				en,
				Base,
			);
			mainGroup = B09F4A272F22460000411130;
			minimizedProjectReferenceProxies = 1;
			preferredProjectObjectVersion = 77;
			productRefGroup = B09F4A312F22460000411130 /* Products */;
			projectDirPath = "";
			projectRoot = "";
			targets = (
				B09F4A2F2F22460000411130 /* Budgi */,
				B09F4A452F22460200411130 /* BudgiTests */,
				B09F4A4F2F22460200411130 /* BudgiUITests */,
			);
		};
/* End PBXProject section */

/* Begin PBXResourcesBuildPhase section */
		B09F4A2E2F22460000411130 /* Resources */ = {
			isa = PBXResourcesBuildPhase;
			buildActionMask = 2147483647;
			files = (
				B09F4A6F2F2246E100411130 /* Assets.xcassets in Resources */,
				B09F4A712F2246E100411130 /* LaunchScreen.storyboard in Resources */,
			);
			runOnlyForDeploymentPostprocessing = 0;
		};
		B09F4A442F22460200411130 /* Resources */ = {
			isa = PBXResourcesBuildPhase;
			buildActionMask = 2147483647;
			files = (
			);
			runOnlyForDeploymentPostprocessing = 0;
		};
		B09F4A4E2F22460200411130 /* Resources */ = {
			isa = PBXResourcesBuildPhase;
			buildActionMask = 2147483647;
			files = (
			);
			runOnlyForDeploymentPostprocessing = 0;
		};
/* End PBXResourcesBuildPhase section */

/* Begin PBXShellScriptBuildPhase section */
		1297BD2CF9E5425DFAE216AE /* [CP] Check Pods Manifest.lock */ = {
			isa = PBXShellScriptBuildPhase;
			buildActionMask = 2147483647;
			files = (
			);
			inputFileListPaths = (
			);
			inputPaths = (
				"${PODS_PODFILE_DIR_PATH}/Podfile.lock",
				"${PODS_ROOT}/Manifest.lock",
			);
			name = "[CP] Check Pods Manifest.lock";
			outputFileListPaths = (
			);
			outputPaths = (
				"$(DERIVED_FILE_DIR)/Pods-Budgi-checkManifestLockResult.txt",
			);
			runOnlyForDeploymentPostprocessing = 0;
			shellPath = /bin/sh;
			shellScript = "diff \"${PODS_PODFILE_DIR_PATH}/Podfile.lock\" \"${PODS_ROOT}/Manifest.lock\" > /dev/null\nif [ $? != 0 ] ; then\n    # print error to STDERR\n    echo \"error: The sandbox is not in sync with the Podfile.lock. Run 'pod install' or update your CocoaPods installation.\" >&2\n    exit 1\nfi\n# This output is used by Xcode 'outputs' to avoid re-running this script phase.\necho \"SUCCESS\" > \"${SCRIPT_OUTPUT_FILE_0}\"\n";
			showEnvVarsInLog = 0;
		};
		277F0E35440902618E634024 /* [CP] Check Pods Manifest.lock */ = {
			isa = PBXShellScriptBuildPhase;
			buildActionMask = 2147483647;
			files = (
			);
			inputFileListPaths = (
			);
			inputPaths = (
				"${PODS_PODFILE_DIR_PATH}/Podfile.lock",
				"${PODS_ROOT}/Manifest.lock",
			);
			name = "[CP] Check Pods Manifest.lock";
			outputFileListPaths = (
			);
			outputPaths = (
				"$(DERIVED_FILE_DIR)/Pods-Budgi-BudgiUITests-checkManifestLockResult.txt",
			);
			runOnlyForDeploymentPostprocessing = 0;
			shellPath = /bin/sh;
			shellScript = "diff \"${PODS_PODFILE_DIR_PATH}/Podfile.lock\" \"${PODS_ROOT}/Manifest.lock\" > /dev/null\nif [ $? != 0 ] ; then\n    # print error to STDERR\n    echo \"error: The sandbox is not in sync with the Podfile.lock. Run 'pod install' or update your CocoaPods installation.\" >&2\n    exit 1\nfi\n# This output is used by Xcode 'outputs' to avoid re-running this script phase.\necho \"SUCCESS\" > \"${SCRIPT_OUTPUT_FILE_0}\"\n";
			showEnvVarsInLog = 0;
		};
		57770B0132D49D6D40C2670A /* [CP] Embed Pods Frameworks */ = {
			isa = PBXShellScriptBuildPhase;
			buildActionMask = 2147483647;
			files = (
			);
			inputFileListPaths = (
				"${PODS_ROOT}/Target Support Files/Pods-Budgi-BudgiUITests/Pods-Budgi-BudgiUITests-frameworks-${CONFIGURATION}-input-files.xcfilelist",
			);
			name = "[CP] Embed Pods Frameworks";
			outputFileListPaths = (
				"${PODS_ROOT}/Target Support Files/Pods-Budgi-BudgiUITests/Pods-Budgi-BudgiUITests-frameworks-${CONFIGURATION}-output-files.xcfilelist",
			);
			runOnlyForDeploymentPostprocessing = 0;
			shellPath = /bin/sh;
			shellScript = "\"${PODS_ROOT}/Target Support Files/Pods-Budgi-BudgiUITests/Pods-Budgi-BudgiUITests-frameworks.sh\"\n";
			showEnvVarsInLog = 0;
		};
		581ABB78C9A795CE84F9DFFC /* [CP] Check Pods Manifest.lock */ = {
			isa = PBXShellScriptBuildPhase;
			buildActionMask = 2147483647;
			files = (
			);
			inputFileListPaths = (
			);
			inputPaths = (
				"${PODS_PODFILE_DIR_PATH}/Podfile.lock",
				"${PODS_ROOT}/Manifest.lock",
			);
			name = "[CP] Check Pods Manifest.lock";
			outputFileListPaths = (
			);
			outputPaths = (
				"$(DERIVED_FILE_DIR)/Pods-BudgiTests-checkManifestLockResult.txt",
			);
			runOnlyForDeploymentPostprocessing = 0;
			shellPath = /bin/sh;
			shellScript = "diff \"${PODS_PODFILE_DIR_PATH}/Podfile.lock\" \"${PODS_ROOT}/Manifest.lock\" > /dev/null\nif [ $? != 0 ] ; then\n    # print error to STDERR\n    echo \"error: The sandbox is not in sync with the Podfile.lock. Run 'pod install' or update your CocoaPods installation.\" >&2\n    exit 1\nfi\n# This output is used by Xcode 'outputs' to avoid re-running this script phase.\necho \"SUCCESS\" > \"${SCRIPT_OUTPUT_FILE_0}\"\n";
			showEnvVarsInLog = 0;
		};
		CFDDE5DC982C2250DB29D1A4 /* [CP] Embed Pods Frameworks */ = {
			isa = PBXShellScriptBuildPhase;
			buildActionMask = 2147483647;
			files = (
			);
			inputFileListPaths = (
				"${PODS_ROOT}/Target Support Files/Pods-Budgi/Pods-Budgi-frameworks-${CONFIGURATION}-input-files.xcfilelist",
			);
			name = "[CP] Embed Pods Frameworks";
			outputFileListPaths = (
				"${PODS_ROOT}/Target Support Files/Pods-Budgi/Pods-Budgi-frameworks-${CONFIGURATION}-output-files.xcfilelist",
			);
			runOnlyForDeploymentPostprocessing = 0;
			shellPath = /bin/sh;
			shellScript = "\"${PODS_ROOT}/Target Support Files/Pods-Budgi/Pods-Budgi-frameworks.sh\"\n";
			showEnvVarsInLog = 0;
		};
/* End PBXShellScriptBuildPhase section */

/* Begin PBXSourcesBuildPhase section */
		B09F4A2C2F22460000411130 /* Sources */ = {
			isa = PBXSourcesBuildPhase;
			buildActionMask = 2147483647;
			files = (
				B09F4A9C2F2248AE00411130 /* SettingView.swift in Sources */,
				B09F4A9D2F2248AE00411130 /* AppRootRouter.swift in Sources */,
				B09F4A9E2F2248AE00411130 /* WeekHeaderView.swift in Sources */,
				B09F4A9F2F2248AE00411130 /* AppRootInteractor.swift in Sources */,
				B09F4AA02F2248AE00411130 /* CalendarView.swift in Sources */,
				B09F4AA12F2248AE00411130 /* CalendarDateGenerator.swift in Sources */,
				B09F4AA22F2248AE00411130 /* SettingViewController.swift in Sources */,
				B09F4AA32F2248AE00411130 /* CalendarRouter.swift in Sources */,
				B09F4AA42F2248AE00411130 /* SettingInteractor.swift in Sources */,
				B09F4AA52F2248AE00411130 /* AppComponent.swift in Sources */,
				B09F4AA62F2248AE00411130 /* SettingRouter.swift in Sources */,
				B09F4AA72F2248AE00411130 /* CalendarBuilder.swift in Sources */,
				B09F4AA82F2248AE00411130 /* CalendarInteractor.swift in Sources */,
				B09F4AA92F2248AE00411130 /* DateCell.swift in Sources */,
				B09F4AAA2F2248AE00411130 /* MainTabBarController.swift in Sources */,
				B09F4AAB2F2248AE00411130 /* SettingBuilder.swift in Sources */,
				B09F4AAC2F2248AE00411130 /* AppRootBuilder.swift in Sources */,
				B09F4AAD2F2248AE00411130 /* CalendarViewController.swift in Sources */,
				B09F4A822F2247CE00411130 /* UICollectionView+Extension.swift in Sources */,
				B09F4A832F2247CE00411130 /* +Sets.swift in Sources */,
				B09F4A842F2247CE00411130 /* Sets.swift in Sources */,
				B09F4A6C2F2246E100411130 /* AppDelegate.swift in Sources */,
				B09F4A6D2F2246E100411130 /* SceneDelegate.swift in Sources */,
			);
			runOnlyForDeploymentPostprocessing = 0;
		};
		B09F4A422F22460200411130 /* Sources */ = {
			isa = PBXSourcesBuildPhase;
			buildActionMask = 2147483647;
			files = (
				B09F4A742F2246E300411130 /* BudgiTests.swift in Sources */,
			);
			runOnlyForDeploymentPostprocessing = 0;
		};
		B09F4A4C2F22460200411130 /* Sources */ = {
			isa = PBXSourcesBuildPhase;
			buildActionMask = 2147483647;
			files = (
				B09F4A782F2246E300411130 /* BudgiUITests.swift in Sources */,
				B09F4A792F2246E300411130 /* BudgiUITestsLaunchTests.swift in Sources */,
			);
			runOnlyForDeploymentPostprocessing = 0;
		};
/* End PBXSourcesBuildPhase section */

/* Begin PBXTargetDependency section */
		B09F4A482F22460200411130 /* PBXTargetDependency */ = {
			isa = PBXTargetDependency;
			target = B09F4A2F2F22460000411130 /* Budgi */;
			targetProxy = B09F4A472F22460200411130 /* PBXContainerItemProxy */;
		};
		B09F4A522F22460200411130 /* PBXTargetDependency */ = {
			isa = PBXTargetDependency;
			target = B09F4A2F2F22460000411130 /* Budgi */;
			targetProxy = B09F4A512F22460200411130 /* PBXContainerItemProxy */;
		};
/* End PBXTargetDependency section */

/* Begin PBXVariantGroup section */
		B09F4A682F2246E100411130 /* LaunchScreen.storyboard */ = {
			isa = PBXVariantGroup;
			children = (
				B09F4A672F2246E100411130 /* Base */,
			);
			name = LaunchScreen.storyboard;
			sourceTree = "<group>";
		};
/* End PBXVariantGroup section */

/* Begin XCBuildConfiguration section */
		B09F4A5A2F22460200411130 /* Debug */ = {
			isa = XCBuildConfiguration;
			baseConfigurationReference = E34C33FEE87FB8F56A01E73B /* Pods-Budgi.debug.xcconfig */;
			buildSettings = {
				ASSETCATALOG_COMPILER_APPICON_NAME = AppIcon;
				ASSETCATALOG_COMPILER_GLOBAL_ACCENT_COLOR_NAME = AccentColor;
				CODE_SIGN_STYLE = Automatic;
				CURRENT_PROJECT_VERSION = 1;
				DEVELOPMENT_TEAM = SCD58U4SPR;
				ENABLE_USER_SCRIPT_SANDBOXING = NO;
				GENERATE_INFOPLIST_FILE = YES;
				INFOPLIST_FILE = Budgi/SupportingFiles/Info.plist;
				INFOPLIST_KEY_UIApplicationSupportsIndirectInputEvents = YES;
				INFOPLIST_KEY_UILaunchStoryboardName = LaunchScreen;
				INFOPLIST_KEY_UISupportedInterfaceOrientations_iPad = "UIInterfaceOrientationPortrait UIInterfaceOrientationPortraitUpsideDown UIInterfaceOrientationLandscapeLeft UIInterfaceOrientationLandscapeRight";
				INFOPLIST_KEY_UISupportedInterfaceOrientations_iPhone = "UIInterfaceOrientationPortrait UIInterfaceOrientationLandscapeLeft UIInterfaceOrientationLandscapeRight";
				IPHONEOS_DEPLOYMENT_TARGET = 15.6;
				LD_RUNPATH_SEARCH_PATHS = (
					"$(inherited)",
					"@executable_path/Frameworks",
				);
				MARKETING_VERSION = 1.0;
				PRODUCT_BUNDLE_IDENTIFIER = com.mjchoi.Budgi;
				PRODUCT_NAME = "$(TARGET_NAME)";
				SWIFT_EMIT_LOC_STRINGS = YES;
				SWIFT_VERSION = 5.0;
				TARGETED_DEVICE_FAMILY = "1,2";
			};
			name = Debug;
		};
		B09F4A5B2F22460200411130 /* Release */ = {
			isa = XCBuildConfiguration;
			baseConfigurationReference = CD0F7B421C85116E8109C05A /* Pods-Budgi.release.xcconfig */;
			buildSettings = {
				ASSETCATALOG_COMPILER_APPICON_NAME = AppIcon;
				ASSETCATALOG_COMPILER_GLOBAL_ACCENT_COLOR_NAME = AccentColor;
				CODE_SIGN_STYLE = Automatic;
				CURRENT_PROJECT_VERSION = 1;
				DEVELOPMENT_TEAM = SCD58U4SPR;
				ENABLE_USER_SCRIPT_SANDBOXING = NO;
				GENERATE_INFOPLIST_FILE = YES;
				INFOPLIST_FILE = Budgi/SupportingFiles/Info.plist;
				INFOPLIST_KEY_UIApplicationSupportsIndirectInputEvents = YES;
				INFOPLIST_KEY_UILaunchStoryboardName = LaunchScreen;
				INFOPLIST_KEY_UISupportedInterfaceOrientations_iPad = "UIInterfaceOrientationPortrait UIInterfaceOrientationPortraitUpsideDown UIInterfaceOrientationLandscapeLeft UIInterfaceOrientationLandscapeRight";
				INFOPLIST_KEY_UISupportedInterfaceOrientations_iPhone = "UIInterfaceOrientationPortrait UIInterfaceOrientationLandscapeLeft UIInterfaceOrientationLandscapeRight";
				IPHONEOS_DEPLOYMENT_TARGET = 15.6;
				LD_RUNPATH_SEARCH_PATHS = (
					"$(inherited)",
					"@executable_path/Frameworks",
				);
				MARKETING_VERSION = 1.0;
				PRODUCT_BUNDLE_IDENTIFIER = com.mjchoi.Budgi;
				PRODUCT_NAME = "$(TARGET_NAME)";
				SWIFT_EMIT_LOC_STRINGS = YES;
				SWIFT_VERSION = 5.0;
				TARGETED_DEVICE_FAMILY = "1,2";
			};
			name = Release;
		};
		B09F4A5C2F22460200411130 /* Debug */ = {
			isa = XCBuildConfiguration;
			buildSettings = {
				ALWAYS_SEARCH_USER_PATHS = NO;
				ASSETCATALOG_COMPILER_GENERATE_SWIFT_ASSET_SYMBOL_EXTENSIONS = YES;
				CLANG_ANALYZER_NONNULL = YES;
				CLANG_ANALYZER_NUMBER_OBJECT_CONVERSION = YES_AGGRESSIVE;
				CLANG_CXX_LANGUAGE_STANDARD = "gnu++20";
				CLANG_ENABLE_MODULES = YES;
				CLANG_ENABLE_OBJC_ARC = YES;
				CLANG_ENABLE_OBJC_WEAK = YES;
				CLANG_WARN_BLOCK_CAPTURE_AUTORELEASING = YES;
				CLANG_WARN_BOOL_CONVERSION = YES;
				CLANG_WARN_COMMA = YES;
				CLANG_WARN_CONSTANT_CONVERSION = YES;
				CLANG_WARN_DEPRECATED_OBJC_IMPLEMENTATIONS = YES;
				CLANG_WARN_DIRECT_OBJC_ISA_USAGE = YES_ERROR;
				CLANG_WARN_DOCUMENTATION_COMMENTS = YES;
				CLANG_WARN_EMPTY_BODY = YES;
				CLANG_WARN_ENUM_CONVERSION = YES;
				CLANG_WARN_INFINITE_RECURSION = YES;
				CLANG_WARN_INT_CONVERSION = YES;
				CLANG_WARN_NON_LITERAL_NULL_CONVERSION = YES;
				CLANG_WARN_OBJC_IMPLICIT_RETAIN_SELF = YES;
				CLANG_WARN_OBJC_LITERAL_CONVERSION = YES;
				CLANG_WARN_OBJC_ROOT_CLASS = YES_ERROR;
				CLANG_WARN_QUOTED_INCLUDE_IN_FRAMEWORK_HEADER = YES;
				CLANG_WARN_RANGE_LOOP_ANALYSIS = YES;
				CLANG_WARN_STRICT_PROTOTYPES = YES;
				CLANG_WARN_SUSPICIOUS_MOVE = YES;
				CLANG_WARN_UNGUARDED_AVAILABILITY = YES_AGGRESSIVE;
				CLANG_WARN_UNREACHABLE_CODE = YES;
				CLANG_WARN__DUPLICATE_METHOD_MATCH = YES;
				COPY_PHASE_STRIP = NO;
				DEBUG_INFORMATION_FORMAT = dwarf;
				ENABLE_STRICT_OBJC_MSGSEND = YES;
				ENABLE_TESTABILITY = YES;
				ENABLE_USER_SCRIPT_SANDBOXING = YES;
				GCC_C_LANGUAGE_STANDARD = gnu17;
				GCC_DYNAMIC_NO_PIC = NO;
				GCC_NO_COMMON_BLOCKS = YES;
				GCC_OPTIMIZATION_LEVEL = 0;
				GCC_PREPROCESSOR_DEFINITIONS = (
					"DEBUG=1",
					"$(inherited)",
				);
				GCC_WARN_64_TO_32_BIT_CONVERSION = YES;
				GCC_WARN_ABOUT_RETURN_TYPE = YES_ERROR;
				GCC_WARN_UNDECLARED_SELECTOR = YES;
				GCC_WARN_UNINITIALIZED_AUTOS = YES_AGGRESSIVE;
				GCC_WARN_UNUSED_FUNCTION = YES;
				GCC_WARN_UNUSED_VARIABLE = YES;
				IPHONEOS_DEPLOYMENT_TARGET = 18.1;
				LOCALIZATION_PREFERS_STRING_CATALOGS = YES;
				MTL_ENABLE_DEBUG_INFO = INCLUDE_SOURCE;
				MTL_FAST_MATH = YES;
				ONLY_ACTIVE_ARCH = YES;
				SDKROOT = iphoneos;
				SWIFT_ACTIVE_COMPILATION_CONDITIONS = "DEBUG $(inherited)";
				SWIFT_OPTIMIZATION_LEVEL = "-Onone";
			};
			name = Debug;
		};
		B09F4A5D2F22460200411130 /* Release */ = {
			isa = XCBuildConfiguration;
			buildSettings = {
				ALWAYS_SEARCH_USER_PATHS = NO;
				ASSETCATALOG_COMPILER_GENERATE_SWIFT_ASSET_SYMBOL_EXTENSIONS = YES;
				CLANG_ANALYZER_NONNULL = YES;
				CLANG_ANALYZER_NUMBER_OBJECT_CONVERSION = YES_AGGRESSIVE;
				CLANG_CXX_LANGUAGE_STANDARD = "gnu++20";
				CLANG_ENABLE_MODULES = YES;
				CLANG_ENABLE_OBJC_ARC = YES;
				CLANG_ENABLE_OBJC_WEAK = YES;
				CLANG_WARN_BLOCK_CAPTURE_AUTORELEASING = YES;
				CLANG_WARN_BOOL_CONVERSION = YES;
				CLANG_WARN_COMMA = YES;
				CLANG_WARN_CONSTANT_CONVERSION = YES;
				CLANG_WARN_DEPRECATED_OBJC_IMPLEMENTATIONS = YES;
				CLANG_WARN_DIRECT_OBJC_ISA_USAGE = YES_ERROR;
				CLANG_WARN_DOCUMENTATION_COMMENTS = YES;
				CLANG_WARN_EMPTY_BODY = YES;
				CLANG_WARN_ENUM_CONVERSION = YES;
				CLANG_WARN_INFINITE_RECURSION = YES;
				CLANG_WARN_INT_CONVERSION = YES;
				CLANG_WARN_NON_LITERAL_NULL_CONVERSION = YES;
				CLANG_WARN_OBJC_IMPLICIT_RETAIN_SELF = YES;
				CLANG_WARN_OBJC_LITERAL_CONVERSION = YES;
				CLANG_WARN_OBJC_ROOT_CLASS = YES_ERROR;
				CLANG_WARN_QUOTED_INCLUDE_IN_FRAMEWORK_HEADER = YES;
				CLANG_WARN_RANGE_LOOP_ANALYSIS = YES;
				CLANG_WARN_STRICT_PROTOTYPES = YES;
				CLANG_WARN_SUSPICIOUS_MOVE = YES;
				CLANG_WARN_UNGUARDED_AVAILABILITY = YES_AGGRESSIVE;
				CLANG_WARN_UNREACHABLE_CODE = YES;
				CLANG_WARN__DUPLICATE_METHOD_MATCH = YES;
				COPY_PHASE_STRIP = NO;
				DEBUG_INFORMATION_FORMAT = "dwarf-with-dsym";
				ENABLE_NS_ASSERTIONS = NO;
				ENABLE_STRICT_OBJC_MSGSEND = YES;
				ENABLE_USER_SCRIPT_SANDBOXING = YES;
				GCC_C_LANGUAGE_STANDARD = gnu17;
				GCC_NO_COMMON_BLOCKS = YES;
				GCC_WARN_64_TO_32_BIT_CONVERSION = YES;
				GCC_WARN_ABOUT_RETURN_TYPE = YES_ERROR;
				GCC_WARN_UNDECLARED_SELECTOR = YES;
				GCC_WARN_UNINITIALIZED_AUTOS = YES_AGGRESSIVE;
				GCC_WARN_UNUSED_FUNCTION = YES;
				GCC_WARN_UNUSED_VARIABLE = YES;
				IPHONEOS_DEPLOYMENT_TARGET = 18.1;
				LOCALIZATION_PREFERS_STRING_CATALOGS = YES;
				MTL_ENABLE_DEBUG_INFO = NO;
				MTL_FAST_MATH = YES;
				SDKROOT = iphoneos;
				SWIFT_COMPILATION_MODE = wholemodule;
				VALIDATE_PRODUCT = YES;
			};
			name = Release;
		};
		B09F4A5F2F22460200411130 /* Debug */ = {
			isa = XCBuildConfiguration;
			baseConfigurationReference = 564C58518BCEADFB1509CCE9 /* Pods-BudgiTests.debug.xcconfig */;
			buildSettings = {
				BUNDLE_LOADER = "$(TEST_HOST)";
				CODE_SIGN_STYLE = Automatic;
				CURRENT_PROJECT_VERSION = 1;
				DEVELOPMENT_TEAM = SCD58U4SPR;
				GENERATE_INFOPLIST_FILE = YES;
				IPHONEOS_DEPLOYMENT_TARGET = 18.1;
				MARKETING_VERSION = 1.0;
				PRODUCT_BUNDLE_IDENTIFIER = com.mjchoi.BudgiTests;
				PRODUCT_NAME = "$(TARGET_NAME)";
				SWIFT_EMIT_LOC_STRINGS = NO;
				SWIFT_VERSION = 5.0;
				TARGETED_DEVICE_FAMILY = "1,2";
				TEST_HOST = "$(BUILT_PRODUCTS_DIR)/Budgi.app/$(BUNDLE_EXECUTABLE_FOLDER_PATH)/Budgi";
			};
			name = Debug;
		};
		B09F4A602F22460200411130 /* Release */ = {
			isa = XCBuildConfiguration;
			baseConfigurationReference = C6D5A0D70DECCFE55AD40447 /* Pods-BudgiTests.release.xcconfig */;
			buildSettings = {
				BUNDLE_LOADER = "$(TEST_HOST)";
				CODE_SIGN_STYLE = Automatic;
				CURRENT_PROJECT_VERSION = 1;
				DEVELOPMENT_TEAM = SCD58U4SPR;
				GENERATE_INFOPLIST_FILE = YES;
				IPHONEOS_DEPLOYMENT_TARGET = 18.1;
				MARKETING_VERSION = 1.0;
				PRODUCT_BUNDLE_IDENTIFIER = com.mjchoi.BudgiTests;
				PRODUCT_NAME = "$(TARGET_NAME)";
				SWIFT_EMIT_LOC_STRINGS = NO;
				SWIFT_VERSION = 5.0;
				TARGETED_DEVICE_FAMILY = "1,2";
				TEST_HOST = "$(BUILT_PRODUCTS_DIR)/Budgi.app/$(BUNDLE_EXECUTABLE_FOLDER_PATH)/Budgi";
			};
			name = Release;
		};
		B09F4A622F22460200411130 /* Debug */ = {
			isa = XCBuildConfiguration;
			baseConfigurationReference = AE9C3386714F3CC59672F6B9 /* Pods-Budgi-BudgiUITests.debug.xcconfig */;
			buildSettings = {
				CODE_SIGN_STYLE = Automatic;
				CURRENT_PROJECT_VERSION = 1;
				DEVELOPMENT_TEAM = SCD58U4SPR;
				GENERATE_INFOPLIST_FILE = YES;
				MARKETING_VERSION = 1.0;
				PRODUCT_BUNDLE_IDENTIFIER = com.mjchoi.BudgiUITests;
				PRODUCT_NAME = "$(TARGET_NAME)";
				SWIFT_EMIT_LOC_STRINGS = NO;
				SWIFT_VERSION = 5.0;
				TARGETED_DEVICE_FAMILY = "1,2";
				TEST_TARGET_NAME = Budgi;
			};
			name = Debug;
		};
		B09F4A632F22460200411130 /* Release */ = {
			isa = XCBuildConfiguration;
			baseConfigurationReference = 14E4EA3B105414C84F1A4A0C /* Pods-Budgi-BudgiUITests.release.xcconfig */;
			buildSettings = {
				CODE_SIGN_STYLE = Automatic;
				CURRENT_PROJECT_VERSION = 1;
				DEVELOPMENT_TEAM = SCD58U4SPR;
				GENERATE_INFOPLIST_FILE = YES;
				MARKETING_VERSION = 1.0;
				PRODUCT_BUNDLE_IDENTIFIER = com.mjchoi.BudgiUITests;
				PRODUCT_NAME = "$(TARGET_NAME)";
				SWIFT_EMIT_LOC_STRINGS = NO;
				SWIFT_VERSION = 5.0;
				TARGETED_DEVICE_FAMILY = "1,2";
				TEST_TARGET_NAME = Budgi;
			};
			name = Release;
		};
/* End XCBuildConfiguration section */

/* Begin XCConfigurationList section */
		B09F4A2B2F22460000411130 /* Build configuration list for PBXProject "Budgi" */ = {
			isa = XCConfigurationList;
			buildConfigurations = (
				B09F4A5C2F22460200411130 /* Debug */,
				B09F4A5D2F22460200411130 /* Release */,
			);
			defaultConfigurationIsVisible = 0;
			defaultConfigurationName = Release;
		};
		B09F4A592F22460200411130 /* Build configuration list for PBXNativeTarget "Budgi" */ = {
			isa = XCConfigurationList;
			buildConfigurations = (
				B09F4A5A2F22460200411130 /* Debug */,
				B09F4A5B2F22460200411130 /* Release */,
			);
			defaultConfigurationIsVisible = 0;
			defaultConfigurationName = Release;
		};
		B09F4A5E2F22460200411130 /* Build configuration list for PBXNativeTarget "BudgiTests" */ = {
			isa = XCConfigurationList;
			buildConfigurations = (
				B09F4A5F2F22460200411130 /* Debug */,
				B09F4A602F22460200411130 /* Release */,
			);
			defaultConfigurationIsVisible = 0;
			defaultConfigurationName = Release;
		};
		B09F4A612F22460200411130 /* Build configuration list for PBXNativeTarget "BudgiUITests" */ = {
			isa = XCConfigurationList;
			buildConfigurations = (
				B09F4A622F22460200411130 /* Debug */,
				B09F4A632F22460200411130 /* Release */,
			);
			defaultConfigurationIsVisible = 0;
			defaultConfigurationName = Release;
		};
/* End XCConfigurationList section */
	};
	rootObject = B09F4A282F22460000411130 /* Project object */;
}
